{
    "_meta": {
        "hash": {
            "sha256": "2b60bb69731af95b42c3858340d003df3438a31f992cb782c016bd1a5551545b"
        },
        "pipfile-spec": 6,
        "requires": {
            "python_version": "3.9"
        },
        "sources": [
            {
                "name": "pypi",
                "url": "https://pypi.org/simple",
                "verify_ssl": true
            }
        ]
    },
    "default": {
        "grpcio": {
            "hashes": [
                "sha256:011e9b5e47cb9d2a808e8c2dd5ae86df085d5879d9e8095a24631a32c577f231",
                "sha256:0bd906496b9dd3751b9e5cacc7ceb25a57c16ce2aa67315b85ee86a4ba7246f1",
                "sha256:11735ac4efd53691afeb36d006e20db9b7d4b6f3356c751f32d5747aee38fa4c",
                "sha256:121af89d0b9ba1d47c738242783675009dd4e9067359481e4b743eb9e5886682",
                "sha256:163a2cf7f4df3ff0a04f49e634526e3d88f02393a7ebf8f34a2134c88b06322e",
                "sha256:1857f88b351e2382aa57ed892960361a8b71acca4aa1b90998007b4177f15114",
                "sha256:1be193803c706f78d0df12c817eaf2415fb4d39472fa00d860700e6c7a99f8f7",
                "sha256:1c746a3cd8a830d8d916a9d0476a786aaa98c5cc2a096344af2be955e439f8ac",
                "sha256:2b97cdd4582445ad7bd441f5f3c57d838bcdc518a05713dab0c7f4b945afb39e",
                "sha256:49ffc5bb78b201db24d8d1644193beb50a896c3cb35b259b4fb9c44dba18585f",
                "sha256:5971e6dfcfa0ebeb0df2d15383e1b53fa36208198c8aff9a4eed5ece2a6d4571",
                "sha256:5c4402fd8ce28e2847112105591139dc121c8980770f683eb781be1568a64097",
                "sha256:5e488a40ebeb883117aa0dba2cea410ef2ab545a2403b2ac9101e62d42808c71",
                "sha256:696f0de4d47f738063432bbbcecd07f78256864f0839e41369458421f539f00a",
                "sha256:6f81fbf9f830e20aee93480305877f73f15bfa58fa87433eb331696be47ae7ba",
                "sha256:7924ef3a898f6ff985540ee5d8c7554f0c925dc7668c3d63461600ea50b39658",
                "sha256:79bda20756e2fc7236b94468ffcce4b516953f946a80b7ea883f89d9e9b25a41",
                "sha256:809732f300fa8093b40f843c36f6f78423ffb40493098185bc4a96bd67126db5",
                "sha256:8a543209ab606dd55c58dc218be8e8619214607f03717dded78c7d27f1d05ba5",
                "sha256:8b16d14160b7fd8bc43600be70e0da677d17dd8aafb5a258bbda996fe410320e",
                "sha256:8dad4184e4669672e126de26776eba8e3db4914660b4a0a6c7edbdbcf3e2f05f",
                "sha256:8fff784ec5d12252a7cc0ab6f1a3206861b94e45ee0ebeba2439bd10a6db2f1a",
                "sha256:90a4799c15b8b5aa587f65650a0cea28ea88bcd2c5fdf4f1adb2b8b7b4e77a5e",
                "sha256:96dc85c059f15390beb7ac6bf075d1e4cf72e8f5c9b6c37ea179b7cc579816fd",
                "sha256:98c06f0f7feeca736cc98f3f46b9b74c5f5fdc5febfc7d72728d1895c57be87f",
                "sha256:9d43849d8925ec24bf121bccd941a13d4e8c2cffdfa769a04a6d4ed38c6b88a2",
                "sha256:9e465a1d594a9a5f4252c4abbb93909c42768bee5fbfcd18098d60bf06a35573",
                "sha256:a181092b534e996e36d0c0216d81280d4942322170c823b2fb84ec4597dc0bd5",
                "sha256:b5e96ca83d5c34c9b60d8951e52492b0d9d072c3fe38a1c19765932e121036ce",
                "sha256:c4355fa382dfc71c130dc3eccd8ae606a13e1729be2a77b6c44cd5a130d0c616",
                "sha256:c6f756c11144c7ecb51b87f0d60a4b72e05635b9f24ddfa004286ab0c8527fa0",
                "sha256:cadc09c9bd24ecf3ba7ae55b5a741f7de694a8843e97e82a7c3fa2e6e81e0f9a",
                "sha256:cd4da71e105088b1a7e629d1b033f16d87dec08524d0e4f5d77982af6fe1b6c2",
                "sha256:cfe0e015cb8db5a27a92621fdd9dc8e69b2f7130db326601802e6ff36626deff",
                "sha256:d757bc8bb12f07014dde55a04b5261c94828b605cf0726d02d491c3dc71aa6bb",
                "sha256:ec6d1b3daed886a73e40b4dc553474ef415acc111e913d7324cc2c6b0ba9efe0",
                "sha256:ece7459c182e00ca90b2e5823940a552651b5eb3acdeee9350377ddb44d9c412",
                "sha256:ed8ac4f76cbbef5dc54594cb7bf6fbb985f5be66abcb1f9da8142500e4d76492",
                "sha256:f1a8048428a7a1e5b12322b3ee44ee0bb8e1bea1d67f08fa1813c455f3ef638c",
                "sha256:f6fee4445cffb45593b4c1d9bb0bc7922e77ec846a1237e2e744b1223d69c863",
                "sha256:f74cb93cd090b07528cf586a18628370e5780c08e0239f4af796f60a5e773568",
                "sha256:f74f270550df347a18f839331f84838b938c8923a9e13a6fa7cc69c79087a686",
                "sha256:fd58ea88dd5439e03c6587f0b672db1627ec8ed47be312c74632650dfed33c2e",
                "sha256:fe9360347a3f4f2ec6923d8afb03a9194f3f14e054cb09e75e8346af9c0aa9f6",
                "sha256:ff760c5ce73c177851864e8caaf75467eaf06c1b6857b21e1789658375e720fb",
                "sha256:ff8aef869c2e9de65c3a693406f7d1200d87e6d541d096eae69f98e7f301fa60"
            ],
            "index": "pypi",
            "version": "==1.34.1"
        },
        "grpcio-tools": {
            "hashes": [
                "sha256:097b50e2ad23238417e7337f04427a7cb5288a33491fbaf5cf926adbd870f1b4",
                "sha256:1b7003faf36ffdacca6df6c67dc96f1b7cb1bea17225bed304b2a1b4d0c893c4",
                "sha256:20d090f6bacb58122b9f25da2c4a110f60feee55102df2961757850f52d644d3",
                "sha256:253484952dcf746e6c1e196ce612c366ea49d2ad5931d2241f9867dbe2db9205",
                "sha256:2991134c19d3fb3f1159c89076f919269a24f76dd555b3cb3485da10f15d5b99",
                "sha256:3c4ec76aeeb042e537292c1dd886d4cdd983e432fa2292b1637cffa9527284e8",
                "sha256:3c68c18e76b5494f39a7ff5a6a4bef1647de2dc28e7cb2cf865eaa94b95bf299",
                "sha256:3d3075c6a0b6853119852864565ed1ec1fe4342eec855a1c8616182d391abbd0",
                "sha256:45366f5db00949a57f6033f1810112b36ba0a9ce3e842d2d829093e894916615",
                "sha256:491cb87d7aab577231773c2217bcec7775907a2f04b387c7c7521c2203e1d504",
                "sha256:541b47481cf568020c310fe432f5329b8ff62ee36a66d257be7158ab750e7441",
                "sha256:5c8af80e506537accfd748711e9c602e26c9003389ec172e30e7968588fe0fdf",
                "sha256:5cc21261187fc5fa2102362ad220f0885882dc85da2a085bbc192618258b7c88",
                "sha256:5e3c1f7ff8e32d2baaf13ae1aae52bbd09051e15eadf9d209000a2e70f9d05f1",
                "sha256:6cb5c203b33efbe793894b56dcd93634471f1b293c509c5a20bd955d4a6ca913",
                "sha256:7372e3dc8499c45d6f02023a1990ed54e8e58d6b126c2b0f16e17099eeb683d6",
                "sha256:781ab05942d9e17ddf51cf2c8224a5cda78d74002b8750df2f09030ac882fa1c",
                "sha256:7abbba3b92b95e139716401c6cf58c46a6fa4e2253790d7bd669b845bca59e1f",
                "sha256:8fc5dada36f7421c0f40084d109985f5120b50621ce33bdd338d31fac35d04d3",
                "sha256:906362306dcf9e9d31cd43a1f14ecadb92c6b8ad546f59842e326c886e6d5266",
                "sha256:973c9f453ba5ef190b70f800c1bdec7e70c1e5831832fcd47dc88d375eab0136",
                "sha256:9c5ab921dd550a2c5d1f28fade28e16006311cdf68e3db9db2fc648bf0bd92e1",
                "sha256:a05aa9381d01625c7309ebb04c0f7a9fb9e90bdb5fbbcb66d09bd8d4be29f73c",
                "sha256:a905e66e60dd3efd398e5e4f1035a943061e2d00cf822ad39f8f22b90c856ca3",
                "sha256:ab09a234cec8187053b825e3be9683fb3d3047c2fd95ac18341a67225db023ad",
                "sha256:ae879f66da999b2aea89e211eb7c2251898594baf08d960c3a35efe44f094155",
                "sha256:af666d78c76dc213b0bbaf05a04ece13c997fc5a6129726f3a33b61fdb6faa47",
                "sha256:b08b631bdaf56ad23b270554700dc5da8617200af4aae2a629045a8c604c535b",
                "sha256:b40ca7aa75e1ea8e3d1ddc9c0728017326e64ace11a02a6b7ffdecc264b81e03",
                "sha256:b411f36748f4ead33411544d785e37825598bbb8abbe79eca422e395be5a3d08",
                "sha256:b7e8d32d800a7c4a3081d0d52626748cb937a513b8410fcdfcf066c10609a711",
                "sha256:bdd9a42b1583a59893cbe04c0acfa0ed7aef87ec8f8bd75da6ddd624bd3c6833",
                "sha256:bfbf869891f41b3eaea8ed9870238bb59e5218bde95f2ee4472c87c78c15d82f",
                "sha256:c32e92110e930e28dd3100958fba26fa8abdab4dde5dd665c7b7a2f6584d40f0",
                "sha256:c41797cdc31be6ec8a247bdfd91a9fb848cb6fec5d2febe99d726fbbbb58b9de",
                "sha256:cbb1111cf1085cb858bb486399f7be86797e18ca5c5c2c94b18c023ebeb5195e",
                "sha256:cd092f157a1c4cf5dea498b2af9f991d376878ff03e9078762cca2822ceae059",
                "sha256:ce0eba27637aaacb868229e58c87cb279f1319826ce9a87d9ecb51c8d64f0b5f",
                "sha256:d5211d2ec6a082bfe27a6b9ee66947c9e4c9aa33f91fd34537b07b7cde72b01e",
                "sha256:d62f90180b9443c14a689413934d74e8c19dff4485aeac55f9c136de33d8e90e",
                "sha256:dbc8861fdf38a8b748d7b22b91224d48d94fbdb781e7103dddd9be04d471fa76",
                "sha256:e06441f7788085b5937bcec8bc849ff02b297cd0b54b9bdf870c593a3e6ed8e6",
                "sha256:e6c116efb23b365d1aef6b6091276155291f9bbbad6df7abb150c28e173c3e89",
                "sha256:f308d3125a5083d57a5f6c3bc0bb607b23909d421143fbb79cef3a11741b912a",
                "sha256:f8019f92b505c5c033c3d1f4f9c2df2f457a0e9ae3fff04d3b1d298de83cb064",
                "sha256:fca54266ff5454a0691e529f80f2825a27a62deff3b17818d7354ac90bc6549e"
            ],
            "index": "pypi",
            "version": "==1.34.1"
        },
        "protobuf": {
            "hashes": [
                "sha256:0e247612fadda953047f53301a7b0407cb0c3cb4ae25a6fde661597a04039b3c",
                "sha256:0fc96785262042e4863b3f3b5c429d4636f10d90061e1840fce1baaf59b1a836",
                "sha256:1c51fda1bbc9634246e7be6016d860be01747354ed7015ebe38acf4452f470d2",
                "sha256:1d63eb389347293d8915fb47bee0951c7b5dab522a4a60118b9a18f33e21f8ce",
                "sha256:22bcd2e284b3b1d969c12e84dc9b9a71701ec82d8ce975fdda19712e1cfd4e00",
                "sha256:2a7e2fe101a7ace75e9327b9c946d247749e564a267b0515cf41dfe450b69bac",
                "sha256:43b554b9e73a07ba84ed6cf25db0ff88b1e06be610b37656e292e3cbb5437472",
                "sha256:4b74301b30513b1a7494d3055d95c714b560fbb630d8fb9956b6f27992c9f980",
                "sha256:4e75105c9dfe13719b7293f75bd53033108f4ba03d44e71db0ec2a0e8401eafd",
                "sha256:5b7a637212cc9b2bcf85dd828b1178d19efdf74dbfe1ddf8cd1b8e01fdaaa7f5",
                "sha256:5e9806a43232a1fa0c9cf5da8dc06f6910d53e4390be1fa06f06454d888a9142",
                "sha256:629b03fd3caae7f815b0c66b41273f6b1900a579e2ccb41ef4493a4f5fb84f3a",
                "sha256:72230ed56f026dd664c21d73c5db73ebba50d924d7ba6b7c0d81a121e390406e",
                "sha256:86a75477addde4918e9a1904e5c6af8d7b691f2a3f65587d73b16100fbe4c3b2",
                "sha256:8971c421dbd7aad930c9bd2694122f332350b6ccb5202a8b7b06f3f1a5c41ed5",
                "sha256:9616f0b65a30851e62f1713336c931fcd32c057202b7ff2cfbfca0fc7d5e3043",
                "sha256:b0d5d35faeb07e22a1ddf8dce620860c8fe145426c02d1a0ae2688c6e8ede36d",
                "sha256:ecc33531a213eee22ad60e0e2aaea6c8ba0021f0cce35dbf0ab03dee6e2a23a1"
            ],
            "version": "==3.14.0"
        },
        "six": {
            "hashes": [
                "sha256:30639c035cdb23534cd4aa2dd52c3bf48f06e5f4a941509c8bafd8ce11080259",
                "sha256:8b74bedcbbbaca38ff6d7491d76f2b06b3592611af620f8426e82dddb04a5ced"
            ],
            "markers": "python_version >= '2.7' and python_version not in '3.0, 3.1, 3.2, 3.3'",
            "version": "==1.15.0"
        }
    },
    "develop": {}
}
